{
  "name": "electron-quick-start",
  "version": "1.0.3",
  "lockfileVersion": 1,
  "requires": true,
  "dependencies": {
    "argparse": {
      "version": "1.0.10",
      "resolved": "http://registry.npm.taobao.org/argparse/download/argparse-1.0.10.tgz",
      "integrity": "sha1-vNZ5HqWuCXJeF+WtmIE0zUCz2RE=",
      "requires": {
        "sprintf-js": "1.0.3"
      }
    },
    "bluebird": {
      "version": "3.5.1",
      "resolved": "http://registry.npm.taobao.org/bluebird/download/bluebird-3.5.1.tgz",
      "integrity": "sha1-2VUfnemPH82h5oPRfukaBgLuLrk="
    },
    "bluebird-lst": {
      "version": "1.0.5",
      "resolved": "http://registry.npm.taobao.org/bluebird-lst/download/bluebird-lst-1.0.5.tgz",
      "integrity": "sha1-vryDAmt+kqcocaPcWZ4hnL+wAqk=",
      "requires": {
        "bluebird": "3.5.1"
      }
    },
    "builder-util-runtime": {
      "version": "4.2.0",
      "resolved": "http://registry.npm.taobao.org/builder-util-runtime/download/builder-util-runtime-4.2.0.tgz",
      "integrity": "sha1-xWqhjTQ5AUPaAxxBjJ06BV+9NSI=",
      "requires": {
        "bluebird-lst": "1.0.5",
        "debug": "3.1.0",
        "fs-extra-p": "4.5.2",
        "sax": "1.2.4"
      },
      "dependencies": {
        "debug": {
          "version": "3.1.0",
          "resolved": "http://registry.npm.taobao.org/debug/download/debug-3.1.0.tgz",
          "integrity": "sha1-W7WgZyYotkFJVmuhaBnmFRjGcmE=",
          "requires": {
            "ms": "2.0.0"
          }
        }
      }
    },
    "electron-is-dev": {
      "version": "0.3.0",
      "resolved": "http://registry.npm.taobao.org/electron-is-dev/download/electron-is-dev-0.3.0.tgz",
      "integrity": "sha1-FOb9pcaOnk7L7/nM8DfL18BcWv4="
    },
    "electron-updater": {
      "version": "2.21.4",
      "resolved": "http://registry.npm.taobao.org/electron-updater/download/electron-updater-2.21.4.tgz",
      "integrity": "sha1-VjJt78gHLnjjOcxlaDiseOcI9Qw=",
      "requires": {
        "bluebird-lst": "1.0.5",
        "builder-util-runtime": "4.2.0",
        "electron-is-dev": "0.3.0",
        "fs-extra-p": "4.5.2",
        "js-yaml": "3.11.0",
        "lazy-val": "1.0.3",
        "lodash.isequal": "4.5.0",
        "semver": "5.5.0",
        "source-map-support": "0.5.4"
      }
    },
    "esprima": {
      "version": "4.0.0",
      "resolved": "http://registry.npm.taobao.org/esprima/download/esprima-4.0.0.tgz",
      "integrity": "sha1-RJnt3NERDgshi6zy+n9/WfVcqAQ="
    },
    "fs-extra-p": {
      "version": "4.5.2",
      "resolved": "http://registry.npm.taobao.org/fs-extra-p/download/fs-extra-p-4.5.2.tgz",
      "integrity": "sha1-CiKrpIkoTRfzddXcUTmqd3/i31E=",
      "requires": {
        "bluebird-lst": "1.0.5",
        "fs-extra": "5.0.0"
      },
      "dependencies": {
        "fs-extra": {
          "version": "5.0.0",
          "resolved": "http://registry.npm.taobao.org/fs-extra/download/fs-extra-5.0.0.tgz",
          "integrity": "sha1-QU0BEM3QZwVzTQVWUsVBEmDDGr0=",
          "requires": {
            "graceful-fs": "4.1.11",
            "jsonfile": "4.0.0",
            "universalify": "0.1.1"
          }
        },
        "jsonfile": {
          "version": "4.0.0",
          "resolved": "http://registry.npm.taobao.org/jsonfile/download/jsonfile-4.0.0.tgz",
          "integrity": "sha1-h3Gq4HmbZAdrdmQPygWPnBDjPss=",
          "requires": {
            "graceful-fs": "4.1.11"
          }
        }
      }
    },
    "graceful-fs": {
      "version": "4.1.11",
      "resolved": "http://registry.npm.taobao.org/graceful-fs/download/graceful-fs-4.1.11.tgz",
      "integrity": "sha1-Dovf5NHduIVNZOBOp8AOKgJuVlg="
    },
    "js-yaml": {
      "version": "3.11.0",
      "resolved": "http://registry.npm.taobao.org/js-yaml/download/js-yaml-3.11.0.tgz",
      "integrity": "sha1-WXwai9VxUvJtYizkEXhRpR9euu8=",
      "requires": {
        "argparse": "1.0.10",
        "esprima": "4.0.0"
      }
    },
    "lazy-val": {
      "version": "1.0.3",
      "resolved": "http://registry.npm.taobao.org/lazy-val/download/lazy-val-1.0.3.tgz",
      "integrity": "sha1-u5eyAO8AgB2UwxfincbtOeMcXtw="
    },
    "lodash.isequal": {
      "version": "4.5.0",
      "resolved": "http://registry.npm.taobao.org/lodash.isequal/download/lodash.isequal-4.5.0.tgz",
      "integrity": "sha1-QVxEePK8wwEgwizhDtMib30+GOA="
    },
    "ms": {
      "version": "2.0.0",
      "resolved": "http://registry.npm.taobao.org/ms/download/ms-2.0.0.tgz",
      "integrity": "sha1-VgiurfwAvmwpAd9fmGF4jeDVl8g="
    },
    "sax": {
      "version": "1.2.4",
      "resolved": "http://registry.npm.taobao.org/sax/download/sax-1.2.4.tgz",
      "integrity": "sha1-KBYjTiN4vdxOU1T6tcqold9xANk="
    },
    "semver": {
      "version": "5.5.0",
      "resolved": "http://registry.npm.taobao.org/semver/download/semver-5.5.0.tgz",
      "integrity": "sha1-3Eu8emyp2Rbe5dQ1FvAJK1j3uKs="
    },
    "source-map": {
      "version": "0.6.1",
      "resolved": "http://registry.npm.taobao.org/source-map/download/source-map-0.6.1.tgz",
      "integrity": "sha1-dHIq8y6WFOnCh6jQu95IteLxomM="
    },
    "source-map-support": {
      "version": "0.5.4",
      "resolved": "http://registry.npm.taobao.org/source-map-support/download/source-map-support-0.5.4.tgz",
      "integrity": "sha1-VEVu+onKqScK981iTMLxI+Ufuug=",
      "requires": {
        "source-map": "0.6.1"
      }
    },
    "sprintf-js": {
      "version": "1.0.3",
      "resolved": "http://registry.npm.taobao.org/sprintf-js/download/sprintf-js-1.0.3.tgz",
      "integrity": "sha1-BOaSb2YolTVPPdAVIDYzuFcpfiw="
    },
    "universalify": {
      "version": "0.1.1",
      "resolved": "http://registry.npm.taobao.org/universalify/download/universalify-0.1.1.tgz",
      "integrity": "sha1-+nG63UQ3r0wUiEHjs7Fl+enlkLc="
    }
  }
}
